
Microsoft Visual Studio Solution File, Format Version 12.00
# Visual Studio Version 17
VisualStudioVersion = 17.7.34031.279
MinimumVisualStudioVersion = 10.0.40219.1
Project("{FAE04EC0-301F-11D3-BF4B-00C04F79EFBC}") = "Snake", "Snake.csproj", "{D74C5F9D-E989-4B93-AA5D-CE17B2E9CCCA}"
EndProject
Global
	GlobalSection(SolutionConfigurationPlatforms) = preSolution
		Debug|Any CPU = Debug|Any CPU
		Release|Any CPU = Release|Any CPU
	EndGlobalSection
	GlobalSection(ProjectConfigurationPlatforms) = postSolution
		{D74C5F9D-E989-4B93-AA5D-CE17B2E9CCCA}.Debug|Any CPU.ActiveCfg = Debug|Any CPU
		{D74C5F9D-E989-4B93-AA5D-CE17B2E9CCCA}.Debug|Any CPU.Build.0 = Debug|Any CPU
		{D74C5F9D-E989-4B93-AA5D-CE17B2E9CCCA}.Release|Any CPU.ActiveCfg = Release|Any CPU
		{D74C5F9D-E989-4B93-AA5D-CE17B2E9CCCA}.Release|Any CPU.Build.0 = Release|Any CPU
	EndGlobalSection
	GlobalSection(SolutionProperties) = preSolution
		HideSolutionNode = FALSE
	EndGlobalSection
	GlobalSection(ExtensibilityGlobals) = postSolution
		SolutionGuid = {E66115A4-2971-46F5-AB81-C396915472C7}
	EndGlobalSection
EndGlobal
